
Microsoft Visual Studio Solution File, Format Version 12.00
# Visual Studio Version 16
VisualStudioVersion = 16.0.33927.289
MinimumVisualStudioVersion = 10.0.40219.1
Project("{8BC9CEB8-8B4A-11D0-8D11-00A0C91BC942}") = "main", "main\main.vcxproj", "{91261C83-113F-465A-A870-9A92BB4A7D4D}"
EndProject
Global
	GlobalSection(SolutionConfigurationPlatforms) = preSolution
		Debug|x64 = Debug|x64
		Debug|x86 = Debug|x86
		Release|x64 = Release|x64
		Release|x86 = Release|x86
	EndGlobalSection
	GlobalSection(ProjectConfigurationPlatforms) = postSolution
		{91261C83-113F-465A-A870-9A92BB4A7D4D}.Debug|x64.ActiveCfg = Debug|x64
		{91261C83-113F-465A-A870-9A92BB4A7D4D}.Debug|x64.Build.0 = Debug|x64
		{91261C83-113F-465A-A870-9A92BB4A7D4D}.Debug|x86.ActiveCfg = Debug|Win32
		{91261C83-113F-465A-A870-9A92BB4A7D4D}.Debug|x86.Build.0 = Debug|Win32
		{91261C83-113F-465A-A870-9A92BB4A7D4D}.Release|x64.ActiveCfg = Release|x64
		{91261C83-113F-465A-A870-9A92BB4A7D4D}.Release|x64.Build.0 = Release|x64
		{91261C83-113F-465A-A870-9A92BB4A7D4D}.Release|x86.ActiveCfg = Release|Win32
		{91261C83-113F-465A-A870-9A92BB4A7D4D}.Release|x86.Build.0 = Release|Win32
	EndGlobalSection
	GlobalSection(SolutionProperties) = preSolution
		HideSolutionNode = FALSE
	EndGlobalSection
	GlobalSection(ExtensibilityGlobals) = postSolution
		SolutionGuid = {525808A8-69B4-41B7-BCE1-06DD9B68268A}
	EndGlobalSection
EndGlobal
